<?xml version="1.0" encoding="utf-8"?>
<Project ToolsVersion="4.0" xmlns="http://schemas.microsoft.com/developer/msbuild/2003">
  <ItemGroup>
    <Filter Include="Header Files">
      <UniqueIdentifier>{93995380-89BD-4b04-88EB-625FBE52EBFB}</UniqueIdentifier>
      <Extensions>h;hpp;hxx;hm;inl;inc;xsd</Extensions>
    </Filter>
    <Filter Include="Resource Files">
      <UniqueIdentifier>{67DA6AB6-F800-4c08-8B7A-83BB121AAD01}</UniqueIdentifier>
      <Extensions>rc;ico;cur;bmp;dlg;rc2;rct;bin;rgs;gif;jpg;jpeg;jpe;resx</Extensions>
    </Filter>
    <Filter Include="Source Files">
      <UniqueIdentifier>{4FC737F1-C7A5-4376-A066-2A32D752A2FF}</UniqueIdentifier>
      <Extensions>cpp;c;cc;cxx;def;odl;idl;hpj;bat;asm;asmx</Extensions>
    </Filter>
  </ItemGroup>
  <ItemGroup>
    <ClInclude Include="src\simgear\xml\ascii.h">
      <Filter>Header Files</Filter>
    </ClInclude>
    <ClInclude Include="src\simgear\xml\asciitab.h">
      <Filter>Header Files</Filter>
    </ClInclude>
    <ClInclude Include="src\simgear\compiler.h">
      <Filter>Header Files</Filter>
    </ClInclude>
    <ClInclude Include="src\simgear\xml\easyxml.hxx">
      <Filter>Header Files</Filter>
    </ClInclude>
    <ClInclude Include="src\simgear\xml\expat.h">
      <Filter>Header Files</Filter>
    </ClInclude>
    <ClInclude Include="src\simgear\xml\expat_config.h">
      <Filter>Header Files</Filter>
    </ClInclude>
    <ClInclude Include="src\simgear\xml\expat_external.h">
      <Filter>Header Files</Filter>
    </ClInclude>
    <ClInclude Include="src\models\flight_control\FGAccelerometer.h">
      <Filter>Header Files</Filter>
    </ClInclude>
    <ClInclude Include="src\models\flight_control\FGActuator.h">
      <Filter>Header Files</Filter>
    </ClInclude>
    <ClInclude Include="src\models\FGAerodynamics.h">
      <Filter>Header Files</Filter>
    </ClInclude>
    <ClInclude Include="src\models\FGAircraft.h">
      <Filter>Header Files</Filter>
    </ClInclude>
    <ClInclude Include="src\models\FGAtmosphere.h">
      <Filter>Header Files</Filter>
    </ClInclude>
    <ClInclude Include="src\models\FGAuxiliary.h">
      <Filter>Header Files</Filter>
    </ClInclude>
    <ClInclude Include="src\models\FGBuoyantForces.h">
      <Filter>Header Files</Filter>
    </ClInclude>
    <ClInclude Include="src\math\FGColumnVector3.h">
      <Filter>Header Files</Filter>
    </ClInclude>
    <ClInclude Include="src\math\FGCondition.h">
      <Filter>Header Files</Filter>
    </ClInclude>
    <ClInclude Include="src\models\flight_control\FGDeadBand.h">
      <Filter>Header Files</Filter>
    </ClInclude>
    <ClInclude Include="src\models\propulsion\FGElectric.h">
      <Filter>Header Files</Filter>
    </ClInclude>
    <ClInclude Include="src\models\propulsion\FGEngine.h">
      <Filter>Header Files</Filter>
    </ClInclude>
    <ClInclude Include="src\models\FGExternalForce.h">
      <Filter>Header Files</Filter>
    </ClInclude>
    <ClInclude Include="src\models\FGExternalReactions.h">
      <Filter>Header Files</Filter>
    </ClInclude>
    <ClInclude Include="src\models\FGFCS.h">
      <Filter>Header Files</Filter>
    </ClInclude>
    <ClInclude Include="src\models\flight_control\FGFCSComponent.h">
      <Filter>Header Files</Filter>
    </ClInclude>
    <ClInclude Include="src\models\flight_control\FGFCSFunction.h">
      <Filter>Header Files</Filter>
    </ClInclude>
    <ClInclude Include="src\FGFDMExec.h">
      <Filter>Header Files</Filter>
    </ClInclude>
    <ClInclude Include="src\input_output\FGfdmSocket.h">
      <Filter>Header Files</Filter>
    </ClInclude>
    <ClInclude Include="src\models\flight_control\FGFilter.h">
      <Filter>Header Files</Filter>
    </ClInclude>
    <ClInclude Include="src\models\propulsion\FGForce.h">
      <Filter>Header Files</Filter>
    </ClInclude>
    <ClInclude Include="src\math\FGFunction.h">
      <Filter>Header Files</Filter>
    </ClInclude>
    <ClInclude Include="src\models\flight_control\FGGain.h">
      <Filter>Header Files</Filter>
    </ClInclude>
    <ClInclude Include="src\models\FGGasCell.h">
      <Filter>Header Files</Filter>
    </ClInclude>
    <ClInclude Include="src\input_output\FGGroundCallback.h">
      <Filter>Header Files</Filter>
    </ClInclude>
    <ClInclude Include="src\models\FGGroundReactions.h">
      <Filter>Header Files</Filter>
    </ClInclude>
    <ClInclude Include="src\models\FGInertial.h">
      <Filter>Header Files</Filter>
    </ClInclude>
    <ClInclude Include="src\initialization\FGInitialCondition.h">
      <Filter>Header Files</Filter>
    </ClInclude>
    <ClInclude Include="src\models\FGInput.h">
      <Filter>Header Files</Filter>
    </ClInclude>
    <ClInclude Include="src\FGJSBBase.h">
      <Filter>Header Files</Filter>
    </ClInclude>
    <ClInclude Include="src\models\flight_control\FGKinemat.h">
      <Filter>Header Files</Filter>
    </ClInclude>
    <ClInclude Include="src\models\FGLGear.h">
      <Filter>Header Files</Filter>
    </ClInclude>
    <ClInclude Include="src\math\FGLocation.h">
      <Filter>Header Files</Filter>
    </ClInclude>
    <ClInclude Include="src\models\atmosphere\FGMars.h">
      <Filter>Header Files</Filter>
    </ClInclude>
    <ClInclude Include="src\models\FGMassBalance.h">
      <Filter>Header Files</Filter>
    </ClInclude>
    <ClInclude Include="src\math\FGMatrix33.h">
      <Filter>Header Files</Filter>
    </ClInclude>
    <ClInclude Include="src\models\FGModel.h">
      <Filter>Header Files</Filter>
    </ClInclude>
    <ClInclude Include="src\models\atmosphere\FGMSIS.h">
      <Filter>Header Files</Filter>
    </ClInclude>
    <ClInclude Include="src\models\propulsion\FGNozzle.h">
      <Filter>Header Files</Filter>
    </ClInclude>
    <ClInclude Include="src\models\FGOutput.h">
      <Filter>Header Files</Filter>
    </ClInclude>
    <ClInclude Include="src\math\FGParameter.h">
      <Filter>Header Files</Filter>
    </ClInclude>
    <ClInclude Include="src\models\flight_control\FGPID.h">
      <Filter>Header Files</Filter>
    </ClInclude>
    <ClInclude Include="src\models\propulsion\FGPiston.h">
      <Filter>Header Files</Filter>
    </ClInclude>
    <ClInclude Include="src\models\FGPropagate.h">
      <Filter>Header Files</Filter>
    </ClInclude>
    <ClInclude Include="src\models\propulsion\FGPropeller.h">
      <Filter>Header Files</Filter>
    </ClInclude>
    <ClInclude Include="src\input_output\FGPropertyManager.h">
      <Filter>Header Files</Filter>
    </ClInclude>
    <ClInclude Include="src\math\FGPropertyValue.h">
      <Filter>Header Files</Filter>
    </ClInclude>
    <ClInclude Include="src\models\FGPropulsion.h">
      <Filter>Header Files</Filter>
    </ClInclude>
    <ClInclude Include="src\math\FGQuaternion.h">
      <Filter>Header Files</Filter>
    </ClInclude>
    <ClInclude Include="src\math\FGRealValue.h">
      <Filter>Header Files</Filter>
    </ClInclude>
    <ClInclude Include="src\models\propulsion\FGRocket.h">
      <Filter>Header Files</Filter>
    </ClInclude>
    <ClInclude Include="src\input_output\FGScript.h">
      <Filter>Header Files</Filter>
    </ClInclude>
    <ClInclude Include="src\models\flight_control\FGSensor.h">
      <Filter>Header Files</Filter>
    </ClInclude>
    <ClInclude Include="src\FGState.h">
      <Filter>Header Files</Filter>
    </ClInclude>
    <ClInclude Include="src\models\flight_control\FGSummer.h">
      <Filter>Header Files</Filter>
    </ClInclude>
    <ClInclude Include="src\models\flight_control\FGSwitch.h">
      <Filter>Header Files</Filter>
    </ClInclude>
    <ClInclude Include="src\math\FGTable.h">
      <Filter>Header Files</Filter>
    </ClInclude>
    <ClInclude Include="src\models\propulsion\FGTank.h">
      <Filter>Header Files</Filter>
    </ClInclude>
    <ClInclude Include="src\models\propulsion\FGThruster.h">
      <Filter>Header Files</Filter>
    </ClInclude>
    <ClInclude Include="src\initialization\FGTrim.h">
      <Filter>Header Files</Filter>
    </ClInclude>
    <ClInclude Include="src\initialization\FGTrimAxis.h">
      <Filter>Header Files</Filter>
    </ClInclude>
    <ClInclude Include="src\models\propulsion\FGTurbine.h">
      <Filter>Header Files</Filter>
    </ClInclude>
    <ClInclude Include="src\models\propulsion\FGTurboProp.h">
      <Filter>Header Files</Filter>
    </ClInclude>
    <ClInclude Include="src\input_output\FGXMLElement.h">
      <Filter>Header Files</Filter>
    </ClInclude>
    <ClInclude Include="src\input_output\FGXMLFileRead.h">
      <Filter>Header Files</Filter>
    </ClInclude>
    <ClInclude Include="src\input_output\FGXMLParse.h">
      <Filter>Header Files</Filter>
    </ClInclude>
    <ClInclude Include="src\simgear\xml\iasciitab.h">
      <Filter>Header Files</Filter>
    </ClInclude>
    <ClInclude Include="src\simgear\xml\internal.h">
      <Filter>Header Files</Filter>
    </ClInclude>
    <ClInclude Include="src\simgear\xml\latin1tab.h">
      <Filter>Header Files</Filter>
    </ClInclude>
    <ClInclude Include="src\simgear\xml\macconfig.h">
      <Filter>Header Files</Filter>
    </ClInclude>
    <ClInclude Include="src\simgear\xml\nametab.h">
      <Filter>Header Files</Filter>
    </ClInclude>
    <ClInclude Include="src\input_output\net_fdm.hxx">
      <Filter>Header Files</Filter>
    </ClInclude>
    <ClInclude Include="src\simgear\props\props.hxx">
      <Filter>Header Files</Filter>
    </ClInclude>
    <ClInclude Include="src\simgear\props\SGReferenced.hxx">
      <Filter>Header Files</Filter>
    </ClInclude>
    <ClInclude Include="src\simgear\props\SGSharedPtr.hxx">
      <Filter>Header Files</Filter>
    </ClInclude>
    <ClInclude Include="src\simgear\xml\utf8tab.h">
      <Filter>Header Files</Filter>
    </ClInclude>
    <ClInclude Include="src\simgear\xml\winconfig.h">
      <Filter>Header Files</Filter>
    </ClInclude>
    <ClInclude Include="src\simgear\xml\xmlrole.h">
      <Filter>Header Files</Filter>
    </ClInclude>
    <ClInclude Include="src\simgear\xml\xmltok.h">
      <Filter>Header Files</Filter>
    </ClInclude>
    <ClInclude Include="src\simgear\xml\xmltok_impl.h">
      <Filter>Header Files</Filter>
    </ClInclude>
  </ItemGroup>
  <ItemGroup>
    <ClCompile Include="src\simgear\xml\easyxml.cxx">
      <Filter>Source Files</Filter>
    </ClCompile>
    <ClCompile Include="src\models\flight_control\FGAccelerometer.cpp">
      <Filter>Source Files</Filter>
    </ClCompile>
    <ClCompile Include="src\models\flight_control\FGActuator.cpp">
      <Filter>Source Files</Filter>
    </ClCompile>
    <ClCompile Include="src\models\FGAerodynamics.cpp">
      <Filter>Source Files</Filter>
    </ClCompile>
    <ClCompile Include="src\models\FGAircraft.cpp">
      <Filter>Source Files</Filter>
    </ClCompile>
    <ClCompile Include="src\models\FGAtmosphere.cpp">
      <Filter>Source Files</Filter>
    </ClCompile>
    <ClCompile Include="src\models\FGAuxiliary.cpp">
      <Filter>Source Files</Filter>
    </ClCompile>
    <ClCompile Include="src\models\FGBuoyantForces.cpp">
      <Filter>Source Files</Filter>
    </ClCompile>
    <ClCompile Include="src\math\FGColumnVector3.cpp">
      <Filter>Source Files</Filter>
    </ClCompile>
    <ClCompile Include="src\math\FGCondition.cpp">
      <Filter>Source Files</Filter>
    </ClCompile>
    <ClCompile Include="src\models\flight_control\FGDeadBand.cpp">
      <Filter>Source Files</Filter>
    </ClCompile>
    <ClCompile Include="src\models\propulsion\FGElectric.cpp">
      <Filter>Source Files</Filter>
    </ClCompile>
    <ClCompile Include="src\models\propulsion\FGEngine.cpp">
      <Filter>Source Files</Filter>
    </ClCompile>
    <ClCompile Include="src\models\FGExternalForce.cpp">
      <Filter>Source Files</Filter>
    </ClCompile>
    <ClCompile Include="src\models\FGExternalReactions.cpp">
      <Filter>Source Files</Filter>
    </ClCompile>
    <ClCompile Include="src\models\FGFCS.cpp">
      <Filter>Source Files</Filter>
    </ClCompile>
    <ClCompile Include="src\models\flight_control\FGFCSComponent.cpp">
      <Filter>Source Files</Filter>
    </ClCompile>
    <ClCompile Include="src\models\flight_control\FGFCSFunction.cpp">
      <Filter>Source Files</Filter>
    </ClCompile>
    <ClCompile Include="src\FGFDMExec.cpp">
      <Filter>Source Files</Filter>
    </ClCompile>
    <ClCompile Include="src\input_output\FGfdmSocket.cpp">
      <Filter>Source Files</Filter>
    </ClCompile>
    <ClCompile Include="src\models\flight_control\FGFilter.cpp">
      <Filter>Source Files</Filter>
    </ClCompile>
    <ClCompile Include="src\models\propulsion\FGForce.cpp">
      <Filter>Source Files</Filter>
    </ClCompile>
    <ClCompile Include="src\math\FGFunction.cpp">
      <Filter>Source Files</Filter>
    </ClCompile>
    <ClCompile Include="src\models\flight_control\FGGain.cpp">
      <Filter>Source Files</Filter>
    </ClCompile>
    <ClCompile Include="src\models\FGGasCell.cpp">
      <Filter>Source Files</Filter>
    </ClCompile>
    <ClCompile Include="src\input_output\FGGroundCallback.cpp">
      <Filter>Source Files</Filter>
    </ClCompile>
    <ClCompile Include="src\models\FGGroundReactions.cpp">
      <Filter>Source Files</Filter>
    </ClCompile>
    <ClCompile Include="src\models\FGInertial.cpp">
      <Filter>Source Files</Filter>
    </ClCompile>
    <ClCompile Include="src\initialization\FGInitialCondition.cpp">
      <Filter>Source Files</Filter>
    </ClCompile>
    <ClCompile Include="src\models\FGInput.cpp">
      <Filter>Source Files</Filter>
    </ClCompile>
    <ClCompile Include="src\FGJSBBase.cpp">
      <Filter>Source Files</Filter>
    </ClCompile>
    <ClCompile Include="src\models\flight_control\FGKinemat.cpp">
      <Filter>Source Files</Filter>
    </ClCompile>
    <ClCompile Include="src\models\FGLGear.cpp">
      <Filter>Source Files</Filter>
    </ClCompile>
    <ClCompile Include="src\math\FGLocation.cpp">
      <Filter>Source Files</Filter>
    </ClCompile>
    <ClCompile Include="src\models\atmosphere\FGMars.cpp">
      <Filter>Source Files</Filter>
    </ClCompile>
    <ClCompile Include="src\models\FGMassBalance.cpp">
      <Filter>Source Files</Filter>
    </ClCompile>
    <ClCompile Include="src\math\FGMatrix33.cpp">
      <Filter>Source Files</Filter>
    </ClCompile>
    <ClCompile Include="src\models\FGModel.cpp">
      <Filter>Source Files</Filter>
    </ClCompile>
    <ClCompile Include="src\models\atmosphere\FGMSIS.cpp">
      <Filter>Source Files</Filter>
    </ClCompile>
    <ClCompile Include="src\models\atmosphere\FGMSISData.cpp">
      <Filter>Source Files</Filter>
    </ClCompile>
    <ClCompile Include="src\models\propulsion\FGNozzle.cpp">
      <Filter>Source Files</Filter>
    </ClCompile>
    <ClCompile Include="src\models\FGOutput.cpp">
      <Filter>Source Files</Filter>
    </ClCompile>
    <ClCompile Include="src\models\flight_control\FGPID.cpp">
      <Filter>Source Files</Filter>
    </ClCompile>
    <ClCompile Include="src\models\propulsion\FGPiston.cpp">
      <Filter>Source Files</Filter>
    </ClCompile>
    <ClCompile Include="src\models\FGPropagate.cpp">
      <Filter>Source Files</Filter>
    </ClCompile>
    <ClCompile Include="src\models\propulsion\FGPropeller.cpp">
      <Filter>Source Files</Filter>
    </ClCompile>
    <ClCompile Include="src\input_output\FGPropertyManager.cpp">
      <Filter>Source Files</Filter>
    </ClCompile>
    <ClCompile Include="src\math\FGPropertyValue.cpp">
      <Filter>Source Files</Filter>
    </ClCompile>
    <ClCompile Include="src\models\FGPropulsion.cpp">
      <Filter>Source Files</Filter>
    </ClCompile>
    <ClCompile Include="src\math\FGQuaternion.cpp">
      <Filter>Source Files</Filter>
    </ClCompile>
    <ClCompile Include="src\math\FGRealValue.cpp">
      <Filter>Source Files</Filter>
    </ClCompile>
    <ClCompile Include="src\models\propulsion\FGRocket.cpp">
      <Filter>Source Files</Filter>
    </ClCompile>
    <ClCompile Include="src\input_output\FGScript.cpp">
      <Filter>Source Files</Filter>
    </ClCompile>
    <ClCompile Include="src\models\flight_control\FGSensor.cpp">
      <Filter>Source Files</Filter>
    </ClCompile>
    <ClCompile Include="src\FGState.cpp">
      <Filter>Source Files</Filter>
    </ClCompile>
    <ClCompile Include="src\models\flight_control\FGSummer.cpp">
      <Filter>Source Files</Filter>
    </ClCompile>
    <ClCompile Include="src\models\flight_control\FGSwitch.cpp">
      <Filter>Source Files</Filter>
    </ClCompile>
    <ClCompile Include="src\math\FGTable.cpp">
      <Filter>Source Files</Filter>
    </ClCompile>
    <ClCompile Include="src\models\propulsion\FGTank.cpp">
      <Filter>Source Files</Filter>
    </ClCompile>
    <ClCompile Include="src\models\propulsion\FGThruster.cpp">
      <Filter>Source Files</Filter>
    </ClCompile>
    <ClCompile Include="src\initialization\FGTrim.cpp">
      <Filter>Source Files</Filter>
    </ClCompile>
    <ClCompile Include="src\initialization\FGTrimAxis.cpp">
      <Filter>Source Files</Filter>
    </ClCompile>
    <ClCompile Include="src\models\propulsion\FGTurbine.cpp">
      <Filter>Source Files</Filter>
    </ClCompile>
    <ClCompile Include="src\models\propulsion\FGTurboProp.cpp">
      <Filter>Source Files</Filter>
    </ClCompile>
    <ClCompile Include="src\input_output\FGXMLElement.cpp">
      <Filter>Source Files</Filter>
    </ClCompile>
    <ClCompile Include="src\input_output\FGXMLParse.cpp">
      <Filter>Source Files</Filter>
    </ClCompile>
    <ClCompile Include="src\JSBSim.cpp">
      <Filter>Source Files</Filter>
    </ClCompile>
    <ClCompile Include="src\simgear\props\props.cxx">
      <Filter>Source Files</Filter>
    </ClCompile>
    <ClCompile Include="src\simgear\xml\xmlparse.c">
      <Filter>Source Files</Filter>
    </ClCompile>
    <ClCompile Include="src\simgear\xml\xmlrole.c">
      <Filter>Source Files</Filter>
    </ClCompile>
    <ClCompile Include="src\simgear\xml\xmltok.c">
      <Filter>Source Files</Filter>
    </ClCompile>
  </ItemGroup>
  <ItemGroup>
    <Xml Include="aircraft\aa1\aa1.xml" />
    <Xml Include="scripts\ball_chute.xml" />
    <Xml Include="scripts\ball_orbit.xml" />
    <Xml Include="scripts\c172pbrake.xml" />
    <Xml Include="aircraft\F4N\F4N.xml" />
  </ItemGroup>
</Project>